{
    "name": "@mytaptrack/types",
    "version": "2.0.46",
    "lockfileVersion": 3,
    "requires": true,
    "packages": {
        "": {
            "name": "@mytaptrack/types",
            "version": "2.0.46",
            "dependencies": {
                "jsonschema": "^1.4.1"
            },
            "devDependencies": {
                "@types/jsonschema": "^1.1.1",
                "@types/node": "^11.15.8",
                "tslib": "^2.6.3",
                "typescript": "~5.3.3"
            },
            "peerDependencies": {
                "moment-timezone": "^0.5.48"
            }
        },
        "node_modules/@types/jsonschema": {
            "version": "1.1.1",
            "resolved": "https://registry.npmjs.org/@types/jsonschema/-/jsonschema-1.1.1.tgz",
            "integrity": "sha512-JPP6H7/h/uXzAow+NbD/jqA3tA1Fj3u2C0KiFAlQ+rtl2QhozxMEz0aPjKnr4YyAB8/6s0Xm9UPa0fFUB0y1OA==",
            "deprecated": "This is a stub types definition for jsonschema (https://github.com/tdegrunt/jsonschema). jsonschema provides its own type definitions, so you don't need @types/jsonschema installed!",
            "dev": true,
            "license": "MIT",
            "dependencies": {
                "jsonschema": "*"
            }
        },
        "node_modules/@types/node": {
            "version": "11.15.54",
            "resolved": "https://registry.npmjs.org/@types/node/-/node-11.15.54.tgz",
            "integrity": "sha512-1RWYiq+5UfozGsU6MwJyFX6BtktcT10XRjvcAQmskCtMcW3tPske88lM/nHv7BQG1w9KBXI1zPGuu5PnNCX14g==",
            "dev": true,
            "license": "MIT"
        },
        "node_modules/jsonschema": {
            "version": "1.4.1",
            "resolved": "https://registry.npmjs.org/jsonschema/-/jsonschema-1.4.1.tgz",
            "integrity": "sha512-S6cATIPVv1z0IlxdN+zUk5EPjkGCdnhN4wVSBlvoUO1tOLJootbo9CquNJmbIh4yikWHiUedhRYrNPn1arpEmQ==",
            "license": "MIT",
            "engines": {
                "node": "*"
            }
        },
        "node_modules/moment": {
            "version": "2.30.1",
            "resolved": "https://registry.npmjs.org/moment/-/moment-2.30.1.tgz",
            "integrity": "sha512-uEmtNhbDOrWPFS+hdjFCBfy9f2YoyzRpwcl+DqpC6taX21FzsTLQVbMV/W7PzNSX6x/bhC1zA3c2UQ5NzH6how==",
            "license": "MIT",
            "peer": true,
            "engines": {
                "node": "*"
            }
        },
        "node_modules/moment-timezone": {
            "version": "0.5.48",
            "resolved": "https://registry.npmjs.org/moment-timezone/-/moment-timezone-0.5.48.tgz",
            "integrity": "sha512-f22b8LV1gbTO2ms2j2z13MuPogNoh5UzxL3nzNAYKGraILnbGc9NEE6dyiiiLv46DGRb8A4kg8UKWLjPthxBHw==",
            "license": "MIT",
            "peer": true,
            "dependencies": {
                "moment": "^2.29.4"
            },
            "engines": {
                "node": "*"
            }
        },
        "node_modules/tslib": {
            "version": "2.7.0",
            "resolved": "https://registry.npmjs.org/tslib/-/tslib-2.7.0.tgz",
            "integrity": "sha512-gLXCKdN1/j47AiHiOkJN69hJmcbGTHI0ImLmbYLHykhgeN0jVGola9yVjFgzCUklsZQMW55o+dW7IXv3RCXDzA==",
            "dev": true,
            "license": "0BSD"
        },
        "node_modules/typescript": {
            "version": "5.3.3",
            "resolved": "https://registry.npmjs.org/typescript/-/typescript-5.3.3.tgz",
            "integrity": "sha512-pXWcraxM0uxAS+tN0AG/BF2TyqmHO014Z070UsJ+pFvYuRSq8KH8DmWpnbXe0pEPDHXZV3FcAbJkijJ5oNEnWw==",
            "dev": true,
            "license": "Apache-2.0",
            "bin": {
                "tsc": "bin/tsc",
                "tsserver": "bin/tsserver"
            },
            "engines": {
                "node": ">=14.17"
            }
        }
    }
}
